
Microsoft Visual Studio Solution File, Format Version 12.00
# Visual Studio 15
VisualStudioVersion = 15.0.27703.2035
MinimumVisualStudioVersion = 10.0.40219.1
Project("{FAE04EC0-301F-11D3-BF4B-00C04F79EFBC}") = "grapetest2", "grapetest2\grapetest2.csproj", "{FD07E59E-6DAA-4699-A210-022D8EDAC11C}"
EndProject
Global
	GlobalSection(SolutionConfigurationPlatforms) = preSolution
		Debug|Any CPU = Debug|Any CPU
		Release|Any CPU = Release|Any CPU
	EndGlobalSection
	GlobalSection(ProjectConfigurationPlatforms) = postSolution
		{FD07E59E-6DAA-4699-A210-022D8EDAC11C}.Debug|Any CPU.ActiveCfg = Debug|Any CPU
		{FD07E59E-6DAA-4699-A210-022D8EDAC11C}.Debug|Any CPU.Build.0 = Debug|Any CPU
		{FD07E59E-6DAA-4699-A210-022D8EDAC11C}.Release|Any CPU.ActiveCfg = Release|Any CPU
		{FD07E59E-6DAA-4699-A210-022D8EDAC11C}.Release|Any CPU.Build.0 = Release|Any CPU
	EndGlobalSection
	GlobalSection(SolutionProperties) = preSolution
		HideSolutionNode = FALSE
	EndGlobalSection
	GlobalSection(ExtensibilityGlobals) = postSolution
		SolutionGuid = {8116507B-E702-4BFC-B6CE-60C1BF871079}
	EndGlobalSection
EndGlobal
